
Microsoft Visual Studio Solution File, Format Version 12.00
# Visual Studio Version 17
VisualStudioVersion = 17.2.32505.173
MinimumVisualStudioVersion = 10.0.40219.1
Project("{FAE04EC0-301F-11D3-BF4B-00C04F79EFBC}") = "CharityGalaApp", "CharityGalaApp\CharityGalaApp.csproj", "{26D7F3C8-5F84-45AF-BB3F-CC2B07A0CBC3}"
EndProject
Global
	GlobalSection(SolutionConfigurationPlatforms) = preSolution
		Debug|Any CPU = Debug|Any CPU
		Release|Any CPU = Release|Any CPU
	EndGlobalSection
	GlobalSection(ProjectConfigurationPlatforms) = postSolution
		{26D7F3C8-5F84-45AF-BB3F-CC2B07A0CBC3}.Debug|Any CPU.ActiveCfg = Debug|Any CPU
		{26D7F3C8-5F84-45AF-BB3F-CC2B07A0CBC3}.Debug|Any CPU.Build.0 = Debug|Any CPU
		{26D7F3C8-5F84-45AF-BB3F-CC2B07A0CBC3}.Release|Any CPU.ActiveCfg = Release|Any CPU
		{26D7F3C8-5F84-45AF-BB3F-CC2B07A0CBC3}.Release|Any CPU.Build.0 = Release|Any CPU
	EndGlobalSection
	GlobalSection(SolutionProperties) = preSolution
		HideSolutionNode = FALSE
	EndGlobalSection
	GlobalSection(ExtensibilityGlobals) = postSolution
		SolutionGuid = {CD6BB6AC-4C99-4C6F-AD04-58B77170BE18}
	EndGlobalSection
EndGlobal
